
Microsoft Visual Studio Solution File, Format Version 12.00
# Visual Studio Version 16
VisualStudioVersion = 16.0.31515.178
MinimumVisualStudioVersion = 10.0.40219.1
Project("{FAE04EC0-301F-11D3-BF4B-00C04F79EFBC}") = "CaesarCipher", "CaesarCipher\CaesarCipher.csproj", "{6FC04F11-C539-4DE6-B839-5ADBF4C76BBB}"
EndProject
Global
	GlobalSection(SolutionConfigurationPlatforms) = preSolution
		Debug|Any CPU = Debug|Any CPU
		Release|Any CPU = Release|Any CPU
	EndGlobalSection
	GlobalSection(ProjectConfigurationPlatforms) = postSolution
		{6FC04F11-C539-4DE6-B839-5ADBF4C76BBB}.Debug|Any CPU.ActiveCfg = Debug|Any CPU
		{6FC04F11-C539-4DE6-B839-5ADBF4C76BBB}.Debug|Any CPU.Build.0 = Debug|Any CPU
		{6FC04F11-C539-4DE6-B839-5ADBF4C76BBB}.Release|Any CPU.ActiveCfg = Release|Any CPU
		{6FC04F11-C539-4DE6-B839-5ADBF4C76BBB}.Release|Any CPU.Build.0 = Release|Any CPU
	EndGlobalSection
	GlobalSection(SolutionProperties) = preSolution
		HideSolutionNode = FALSE
	EndGlobalSection
	GlobalSection(ExtensibilityGlobals) = postSolution
		SolutionGuid = {05EDAA63-A19E-48ED-8C8C-B484339D46CC}
	EndGlobalSection
EndGlobal
